
Microsoft Visual Studio Solution File, Format Version 12.00
# Visual Studio Version 16
VisualStudioVersion = 16.0.28803.156
MinimumVisualStudioVersion = 10.0.40219.1
Project("{8BC9CEB8-8B4A-11D0-8D11-00A0C91BC942}") = "Tsisa3", "Tsisa3\Tsisa3.vcxproj", "{6106648B-71A6-488C-8D13-CD5786DD30D0}"
EndProject
Global
	GlobalSection(SolutionConfigurationPlatforms) = preSolution
		Debug|x64 = Debug|x64
		Debug|x86 = Debug|x86
		Release|x64 = Release|x64
		Release|x86 = Release|x86
	EndGlobalSection
	GlobalSection(ProjectConfigurationPlatforms) = postSolution
		{6106648B-71A6-488C-8D13-CD5786DD30D0}.Debug|x64.ActiveCfg = Debug|x64
		{6106648B-71A6-488C-8D13-CD5786DD30D0}.Debug|x64.Build.0 = Debug|x64
		{6106648B-71A6-488C-8D13-CD5786DD30D0}.Debug|x86.ActiveCfg = Debug|Win32
		{6106648B-71A6-488C-8D13-CD5786DD30D0}.Debug|x86.Build.0 = Debug|Win32
		{6106648B-71A6-488C-8D13-CD5786DD30D0}.Release|x64.ActiveCfg = Release|x64
		{6106648B-71A6-488C-8D13-CD5786DD30D0}.Release|x64.Build.0 = Release|x64
		{6106648B-71A6-488C-8D13-CD5786DD30D0}.Release|x86.ActiveCfg = Release|Win32
		{6106648B-71A6-488C-8D13-CD5786DD30D0}.Release|x86.Build.0 = Release|Win32
	EndGlobalSection
	GlobalSection(SolutionProperties) = preSolution
		HideSolutionNode = FALSE
	EndGlobalSection
	GlobalSection(ExtensibilityGlobals) = postSolution
		SolutionGuid = {EBF987C6-F7E0-4A16-9058-F011C925C535}
	EndGlobalSection
EndGlobal
